
Microsoft Visual Studio Solution File, Format Version 12.00
# Visual Studio Version 17
VisualStudioVersion = 17.5.002.0
MinimumVisualStudioVersion = 10.0.40219.1
Project("{9A19103F-16F7-4668-BE54-9A1E7A4F7556}") = "UGCL.Web", "UGCL.Web.csproj", "{BBC5808D-529B-4F4B-AF1C-86790DB4CFF2}"
EndProject
Global
	GlobalSection(SolutionConfigurationPlatforms) = preSolution
		Debug|Any CPU = Debug|Any CPU
		Release|Any CPU = Release|Any CPU
	EndGlobalSection
	GlobalSection(ProjectConfigurationPlatforms) = postSolution
		{BBC5808D-529B-4F4B-AF1C-86790DB4CFF2}.Debug|Any CPU.ActiveCfg = Debug|Any CPU
		{BBC5808D-529B-4F4B-AF1C-86790DB4CFF2}.Debug|Any CPU.Build.0 = Debug|Any CPU
		{BBC5808D-529B-4F4B-AF1C-86790DB4CFF2}.Release|Any CPU.ActiveCfg = Release|Any CPU
		{BBC5808D-529B-4F4B-AF1C-86790DB4CFF2}.Release|Any CPU.Build.0 = Release|Any CPU
	EndGlobalSection
	GlobalSection(SolutionProperties) = preSolution
		HideSolutionNode = FALSE
	EndGlobalSection
	GlobalSection(ExtensibilityGlobals) = postSolution
		SolutionGuid = {D6417E83-5B36-4909-951E-BD66A731EBDA}
	EndGlobalSection
EndGlobal
